// !$*UTF8*$!
{
	archiveVersion = 1;
	classes = {
	};
	objectVersion = 46;
	objects = {

/* Begin PBXBuildFile section */
		A34DABDB1B14FEA600A19DE8 /* PopoverViewController.m in Sources */ = {isa = PBXBuildFile; fileRef = A34DABDA1B14FEA600A19DE8 /* PopoverViewController.m */; };
		A356C02D1B18AC00005B9DFB /* EndPoint.m in Sources */ = {isa = PBXBuildFile; fileRef = A356C02C1B18AC00005B9DFB /* EndPoint.m */; };
		A356C0301B1E449F005B9DFB /* UserPreferencesViewController.m in Sources */ = {isa = PBXBuildFile; fileRef = A356C02F1B1E449F005B9DFB /* UserPreferencesViewController.m */; };
		A35CF0DD1B0C01AB00356086 /* main.m in Sources */ = {isa = PBXBuildFile; fileRef = A35CF0DC1B0C01AB00356086 /* main.m */; };
		A35CF0E01B0C01AB00356086 /* AppDelegate.m in Sources */ = {isa = PBXBuildFile; fileRef = A35CF0DF1B0C01AB00356086 /* AppDelegate.m */; };
		A35CF0E31B0C01AB00356086 /* LoginViewController.m in Sources */ = {isa = PBXBuildFile; fileRef = A35CF0E21B0C01AB00356086 /* LoginViewController.m */; };
		A35CF0E61B0C01AB00356086 /* Main.storyboard in Resources */ = {isa = PBXBuildFile; fileRef = A35CF0E41B0C01AB00356086 /* Main.storyboard */; };
		A35CF0E81B0C01AB00356086 /* Images.xcassets in Resources */ = {isa = PBXBuildFile; fileRef = A35CF0E71B0C01AB00356086 /* Images.xcassets */; };
		A35CF0EB1B0C01AB00356086 /* LaunchScreen.xib in Resources */ = {isa = PBXBuildFile; fileRef = A35CF0E91B0C01AB00356086 /* LaunchScreen.xib */; };
		A35CF0F71B0C01AB00356086 /* iGordonTests.m in Sources */ = {isa = PBXBuildFile; fileRef = A35CF0F61B0C01AB00356086 /* iGordonTests.m */; };
		A35CF1021B0C01E500356086 /* MainDataViewController.m in Sources */ = {isa = PBXBuildFile; fileRef = A35CF1011B0C01E500356086 /* MainDataViewController.m */; };
		A35CF1071B0D35CD00356086 /* icon-512.png in Resources */ = {isa = PBXBuildFile; fileRef = A35CF1061B0D35CD00356086 /* icon-512.png */; };
		A35CF1091B0D5D0000356086 /* Default~iphone.png in Resources */ = {isa = PBXBuildFile; fileRef = A35CF1081B0D5D0000356086 /* Default~iphone.png */; };
		A35CF11D1B0EA62100356086 /* calculator.png in Resources */ = {isa = PBXBuildFile; fileRef = A35CF11C1B0EA62100356086 /* calculator.png */; };
		A35CF1241B0EA75800356086 /* calendar.png in Resources */ = {isa = PBXBuildFile; fileRef = A35CF11E1B0EA75800356086 /* calendar.png */; };
		A35CF1251B0EA75800356086 /* chapel.png in Resources */ = {isa = PBXBuildFile; fileRef = A35CF11F1B0EA75800356086 /* chapel.png */; };
		A35CF1261B0EA75800356086 /* logo.png in Resources */ = {isa = PBXBuildFile; fileRef = A35CF1201B0EA75800356086 /* logo.png */; };
		A35CF1271B0EA75800356086 /* person.png in Resources */ = {isa = PBXBuildFile; fileRef = A35CF1211B0EA75800356086 /* person.png */; };
		A35CF1281B0EA75800356086 /* silverware.png in Resources */ = {isa = PBXBuildFile; fileRef = A35CF1221B0EA75800356086 /* silverware.png */; };
		A35CF1291B0EA75800356086 /* thermometer.png in Resources */ = {isa = PBXBuildFile; fileRef = A35CF1231B0EA75800356086 /* thermometer.png */; };
		A35CF12D1B1187BD00356086 /* tableCellDesignForUserDataOptions.xib in Resources */ = {isa = PBXBuildFile; fileRef = A35CF12C1B1187BD00356086 /* tableCellDesignForUserDataOptions.xib */; };
		A35CF1331B118A9500356086 /* TableViewCellUserData.m in Sources */ = {isa = PBXBuildFile; fileRef = A35CF1321B118A9500356086 /* TableViewCellUserData.m */; };
/* End PBXBuildFile section */

/* Begin PBXContainerItemProxy section */
		A35CF0F11B0C01AB00356086 /* PBXContainerItemProxy */ = {
			isa = PBXContainerItemProxy;
			containerPortal = A35CF0CF1B0C01AA00356086 /* Project object */;
			proxyType = 1;
			remoteGlobalIDString = A35CF0D61B0C01AA00356086;
			remoteInfo = iGordon;
		};
/* End PBXContainerItemProxy section */

/* Begin PBXFileReference section */
		A34DABD91B14FEA600A19DE8 /* PopoverViewController.h */ = {isa = PBXFileReference; fileEncoding = 4; lastKnownFileType = sourcecode.c.h; path = PopoverViewController.h; sourceTree = "<group>"; };
		A34DABDA1B14FEA600A19DE8 /* PopoverViewController.m */ = {isa = PBXFileReference; fileEncoding = 4; lastKnownFileType = sourcecode.c.objc; path = PopoverViewController.m; sourceTree = "<group>"; };
		A356C02B1B18AC00005B9DFB /* EndPoint.h */ = {isa = PBXFileReference; fileEncoding = 4; lastKnownFileType = sourcecode.c.h; path = EndPoint.h; sourceTree = "<group>"; };
		A356C02C1B18AC00005B9DFB /* EndPoint.m */ = {isa = PBXFileReference; fileEncoding = 4; lastKnownFileType = sourcecode.c.objc; path = EndPoint.m; sourceTree = "<group>"; };
		A356C02E1B1E449F005B9DFB /* UserPreferencesViewController.h */ = {isa = PBXFileReference; fileEncoding = 4; lastKnownFileType = sourcecode.c.h; path = UserPreferencesViewController.h; sourceTree = "<group>"; };
		A356C02F1B1E449F005B9DFB /* UserPreferencesViewController.m */ = {isa = PBXFileReference; fileEncoding = 4; lastKnownFileType = sourcecode.c.objc; path = UserPreferencesViewController.m; sourceTree = "<group>"; };
		A35CF0D71B0C01AB00356086 /* iGordon.app */ = {isa = PBXFileReference; explicitFileType = wrapper.application; includeInIndex = 0; path = iGordon.app; sourceTree = BUILT_PRODUCTS_DIR; };
		A35CF0DB1B0C01AB00356086 /* Info.plist */ = {isa = PBXFileReference; lastKnownFileType = text.plist.xml; path = Info.plist; sourceTree = "<group>"; };
		A35CF0DC1B0C01AB00356086 /* main.m */ = {isa = PBXFileReference; lastKnownFileType = sourcecode.c.objc; path = main.m; sourceTree = "<group>"; };
		A35CF0DE1B0C01AB00356086 /* AppDelegate.h */ = {isa = PBXFileReference; lastKnownFileType = sourcecode.c.h; path = AppDelegate.h; sourceTree = "<group>"; };
		A35CF0DF1B0C01AB00356086 /* AppDelegate.m */ = {isa = PBXFileReference; lastKnownFileType = sourcecode.c.objc; path = AppDelegate.m; sourceTree = "<group>"; };
		A35CF0E11B0C01AB00356086 /* LoginViewController.h */ = {isa = PBXFileReference; lastKnownFileType = sourcecode.c.h; path = LoginViewController.h; sourceTree = "<group>"; };
		A35CF0E21B0C01AB00356086 /* LoginViewController.m */ = {isa = PBXFileReference; lastKnownFileType = sourcecode.c.objc; path = LoginViewController.m; sourceTree = "<group>"; };
		A35CF0E51B0C01AB00356086 /* Base */ = {isa = PBXFileReference; lastKnownFileType = file.storyboard; name = Base; path = Base.lproj/Main.storyboard; sourceTree = "<group>"; };
		A35CF0E71B0C01AB00356086 /* Images.xcassets */ = {isa = PBXFileReference; lastKnownFileType = folder.assetcatalog; path = Images.xcassets; sourceTree = "<group>"; };
		A35CF0EA1B0C01AB00356086 /* Base */ = {isa = PBXFileReference; lastKnownFileType = file.xib; name = Base; path = Base.lproj/LaunchScreen.xib; sourceTree = "<group>"; };
		A35CF0F01B0C01AB00356086 /* iGordonTests.xctest */ = {isa = PBXFileReference; explicitFileType = wrapper.cfbundle; includeInIndex = 0; path = iGordonTests.xctest; sourceTree = BUILT_PRODUCTS_DIR; };
		A35CF0F51B0C01AB00356086 /* Info.plist */ = {isa = PBXFileReference; lastKnownFileType = text.plist.xml; path = Info.plist; sourceTree = "<group>"; };
		A35CF0F61B0C01AB00356086 /* iGordonTests.m */ = {isa = PBXFileReference; lastKnownFileType = sourcecode.c.objc; path = iGordonTests.m; sourceTree = "<group>"; };
		A35CF1001B0C01E500356086 /* MainDataViewController.h */ = {isa = PBXFileReference; fileEncoding = 4; lastKnownFileType = sourcecode.c.h; path = MainDataViewController.h; sourceTree = "<group>"; };
		A35CF1011B0C01E500356086 /* MainDataViewController.m */ = {isa = PBXFileReference; fileEncoding = 4; lastKnownFileType = sourcecode.c.objc; path = MainDataViewController.m; sourceTree = "<group>"; };
		A35CF1061B0D35CD00356086 /* icon-512.png */ = {isa = PBXFileReference; lastKnownFileType = image.png; path = "icon-512.png"; sourceTree = "<group>"; };
		A35CF1081B0D5D0000356086 /* Default~iphone.png */ = {isa = PBXFileReference; lastKnownFileType = image.png; path = "Default~iphone.png"; sourceTree = "<group>"; };
		A35CF11C1B0EA62100356086 /* calculator.png */ = {isa = PBXFileReference; lastKnownFileType = image.png; path = calculator.png; sourceTree = "<group>"; };
		A35CF11E1B0EA75800356086 /* calendar.png */ = {isa = PBXFileReference; lastKnownFileType = image.png; path = calendar.png; sourceTree = "<group>"; };
		A35CF11F1B0EA75800356086 /* chapel.png */ = {isa = PBXFileReference; lastKnownFileType = image.png; path = chapel.png; sourceTree = "<group>"; };
		A35CF1201B0EA75800356086 /* logo.png */ = {isa = PBXFileReference; lastKnownFileType = image.png; path = logo.png; sourceTree = "<group>"; };
		A35CF1211B0EA75800356086 /* person.png */ = {isa = PBXFileReference; lastKnownFileType = image.png; path = person.png; sourceTree = "<group>"; };
		A35CF1221B0EA75800356086 /* silverware.png */ = {isa = PBXFileReference; lastKnownFileType = image.png; path = silverware.png; sourceTree = "<group>"; };
		A35CF1231B0EA75800356086 /* thermometer.png */ = {isa = PBXFileReference; lastKnownFileType = image.png; path = thermometer.png; sourceTree = "<group>"; };
		A35CF12C1B1187BD00356086 /* tableCellDesignForUserDataOptions.xib */ = {isa = PBXFileReference; fileEncoding = 4; lastKnownFileType = file.xib; path = tableCellDesignForUserDataOptions.xib; sourceTree = "<group>"; };
		A35CF1311B118A9500356086 /* TableViewCellUserData.h */ = {isa = PBXFileReference; fileEncoding = 4; lastKnownFileType = sourcecode.c.h; path = TableViewCellUserData.h; sourceTree = "<group>"; };
		A35CF1321B118A9500356086 /* TableViewCellUserData.m */ = {isa = PBXFileReference; fileEncoding = 4; lastKnownFileType = sourcecode.c.objc; path = TableViewCellUserData.m; sourceTree = "<group>"; };
/* End PBXFileReference section */

/* Begin PBXFrameworksBuildPhase section */
		A35CF0D41B0C01AA00356086 /* Frameworks */ = {
			isa = PBXFrameworksBuildPhase;
			buildActionMask = 2147483647;
			files = (
			);
			runOnlyForDeploymentPostprocessing = 0;
		};
		A35CF0ED1B0C01AB00356086 /* Frameworks */ = {
			isa = PBXFrameworksBuildPhase;
			buildActionMask = 2147483647;
			files = (
			);
			runOnlyForDeploymentPostprocessing = 0;
		};
/* End PBXFrameworksBuildPhase section */

/* Begin PBXGroup section */
		A35CF0CE1B0C01AA00356086 = {
			isa = PBXGroup;
			children = (
				A35CF0D91B0C01AB00356086 /* iGordon */,
				A35CF0F31B0C01AB00356086 /* iGordonTests */,
				A35CF0D81B0C01AB00356086 /* Products */,
			);
			sourceTree = "<group>";
		};
		A35CF0D81B0C01AB00356086 /* Products */ = {
			isa = PBXGroup;
			children = (
				A35CF0D71B0C01AB00356086 /* iGordon.app */,
				A35CF0F01B0C01AB00356086 /* iGordonTests.xctest */,
			);
			name = Products;
			sourceTree = "<group>";
		};
		A35CF0D91B0C01AB00356086 /* iGordon */ = {
			isa = PBXGroup;
			children = (
				A356C02B1B18AC00005B9DFB /* EndPoint.h */,
				A356C02C1B18AC00005B9DFB /* EndPoint.m */,
				A35CF1311B118A9500356086 /* TableViewCellUserData.h */,
				A35CF1321B118A9500356086 /* TableViewCellUserData.m */,
				A35CF0DE1B0C01AB00356086 /* AppDelegate.h */,
				A35CF0DF1B0C01AB00356086 /* AppDelegate.m */,
				A35CF0E11B0C01AB00356086 /* LoginViewController.h */,
				A35CF0E21B0C01AB00356086 /* LoginViewController.m */,
				A35CF1001B0C01E500356086 /* MainDataViewController.h */,
				A35CF1011B0C01E500356086 /* MainDataViewController.m */,
				A34DABD91B14FEA600A19DE8 /* PopoverViewController.h */,
				A34DABDA1B14FEA600A19DE8 /* PopoverViewController.m */,
				A356C02E1B1E449F005B9DFB /* UserPreferencesViewController.h */,
				A356C02F1B1E449F005B9DFB /* UserPreferencesViewController.m */,
				A35CF12C1B1187BD00356086 /* tableCellDesignForUserDataOptions.xib */,
				A35CF0E41B0C01AB00356086 /* Main.storyboard */,
				A35CF0E71B0C01AB00356086 /* Images.xcassets */,
				A35CF0E91B0C01AB00356086 /* LaunchScreen.xib */,
				A35CF0DA1B0C01AB00356086 /* Supporting Files */,
			);
			path = iGordon;
			sourceTree = "<group>";
		};
		A35CF0DA1B0C01AB00356086 /* Supporting Files */ = {
			isa = PBXGroup;
			children = (
				A35CF1081B0D5D0000356086 /* Default~iphone.png */,
				A35CF11E1B0EA75800356086 /* calendar.png */,
				A35CF11F1B0EA75800356086 /* chapel.png */,
				A35CF1201B0EA75800356086 /* logo.png */,
				A35CF1211B0EA75800356086 /* person.png */,
				A35CF1221B0EA75800356086 /* silverware.png */,
				A35CF1231B0EA75800356086 /* thermometer.png */,
				A35CF11C1B0EA62100356086 /* calculator.png */,
				A35CF1061B0D35CD00356086 /* icon-512.png */,
				A35CF0DB1B0C01AB00356086 /* Info.plist */,
				A35CF0DC1B0C01AB00356086 /* main.m */,
			);
			name = "Supporting Files";
			sourceTree = "<group>";
		};
		A35CF0F31B0C01AB00356086 /* iGordonTests */ = {
			isa = PBXGroup;
			children = (
				A35CF0F61B0C01AB00356086 /* iGordonTests.m */,
				A35CF0F41B0C01AB00356086 /* Supporting Files */,
			);
			path = iGordonTests;
			sourceTree = "<group>";
		};
		A35CF0F41B0C01AB00356086 /* Supporting Files */ = {
			isa = PBXGroup;
			children = (
				A35CF0F51B0C01AB00356086 /* Info.plist */,
			);
			name = "Supporting Files";
			sourceTree = "<group>";
		};
/* End PBXGroup section */

/* Begin PBXNativeTarget section */
		A35CF0D61B0C01AA00356086 /* iGordon */ = {
			isa = PBXNativeTarget;
			buildConfigurationList = A35CF0FA1B0C01AB00356086 /* Build configuration list for PBXNativeTarget "iGordon" */;
			buildPhases = (
				A35CF0D31B0C01AA00356086 /* Sources */,
				A35CF0D41B0C01AA00356086 /* Frameworks */,
				A35CF0D51B0C01AA00356086 /* Resources */,
			);
			buildRules = (
			);
			dependencies = (
			);
			name = iGordon;
			productName = iGordon;
			productReference = A35CF0D71B0C01AB00356086 /* iGordon.app */;
			productType = "com.apple.product-type.application";
		};
		A35CF0EF1B0C01AB00356086 /* iGordonTests */ = {
			isa = PBXNativeTarget;
			buildConfigurationList = A35CF0FD1B0C01AB00356086 /* Build configuration list for PBXNativeTarget "iGordonTests" */;
			buildPhases = (
				A35CF0EC1B0C01AB00356086 /* Sources */,
				A35CF0ED1B0C01AB00356086 /* Frameworks */,
				A35CF0EE1B0C01AB00356086 /* Resources */,
			);
			buildRules = (
			);
			dependencies = (
				A35CF0F21B0C01AB00356086 /* PBXTargetDependency */,
			);
			name = iGordonTests;
			productName = iGordonTests;
			productReference = A35CF0F01B0C01AB00356086 /* iGordonTests.xctest */;
			productType = "com.apple.product-type.bundle.unit-test";
		};
/* End PBXNativeTarget section */

/* Begin PBXProject section */
		A35CF0CF1B0C01AA00356086 /* Project object */ = {
			isa = PBXProject;
			attributes = {
				LastUpgradeCheck = 0630;
				ORGANIZATIONNAME = "Gordon College";
				TargetAttributes = {
					A35CF0D61B0C01AA00356086 = {
						CreatedOnToolsVersion = 6.3.1;
						DevelopmentTeam = 7YP5ZV7J9W;
					};
					A35CF0EF1B0C01AB00356086 = {
						CreatedOnToolsVersion = 6.3.1;
						TestTargetID = A35CF0D61B0C01AA00356086;
					};
				};
			};
			buildConfigurationList = A35CF0D21B0C01AA00356086 /* Build configuration list for PBXProject "iGordon" */;
			compatibilityVersion = "Xcode 3.2";
			developmentRegion = English;
			hasScannedForEncodings = 0;
			knownRegions = (
				en,
				Base,
			);
			mainGroup = A35CF0CE1B0C01AA00356086;
			productRefGroup = A35CF0D81B0C01AB00356086 /* Products */;
			projectDirPath = "";
			projectRoot = "";
			targets = (
				A35CF0D61B0C01AA00356086 /* iGordon */,
				A35CF0EF1B0C01AB00356086 /* iGordonTests */,
			);
		};
/* End PBXProject section */

/* Begin PBXResourcesBuildPhase section */
		A35CF0D51B0C01AA00356086 /* Resources */ = {
			isa = PBXResourcesBuildPhase;
			buildActionMask = 2147483647;
			files = (
				A35CF1281B0EA75800356086 /* silverware.png in Resources */,
				A35CF1241B0EA75800356086 /* calendar.png in Resources */,
				A35CF1291B0EA75800356086 /* thermometer.png in Resources */,
				A35CF0E61B0C01AB00356086 /* Main.storyboard in Resources */,
				A35CF1261B0EA75800356086 /* logo.png in Resources */,
				A35CF1251B0EA75800356086 /* chapel.png in Resources */,
				A35CF12D1B1187BD00356086 /* tableCellDesignForUserDataOptions.xib in Resources */,
				A35CF1271B0EA75800356086 /* person.png in Resources */,
				A35CF1071B0D35CD00356086 /* icon-512.png in Resources */,
				A35CF0EB1B0C01AB00356086 /* LaunchScreen.xib in Resources */,
				A35CF1091B0D5D0000356086 /* Default~iphone.png in Resources */,
				A35CF0E81B0C01AB00356086 /* Images.xcassets in Resources */,
				A35CF11D1B0EA62100356086 /* calculator.png in Resources */,
			);
			runOnlyForDeploymentPostprocessing = 0;
		};
		A35CF0EE1B0C01AB00356086 /* Resources */ = {
			isa = PBXResourcesBuildPhase;
			buildActionMask = 2147483647;
			files = (
			);
			runOnlyForDeploymentPostprocessing = 0;
		};
/* End PBXResourcesBuildPhase section */

/* Begin PBXSourcesBuildPhase section */
		A35CF0D31B0C01AA00356086 /* Sources */ = {
			isa = PBXSourcesBuildPhase;
			buildActionMask = 2147483647;
			files = (
				A34DABDB1B14FEA600A19DE8 /* PopoverViewController.m in Sources */,
				A35CF0E31B0C01AB00356086 /* LoginViewController.m in Sources */,
				A356C0301B1E449F005B9DFB /* UserPreferencesViewController.m in Sources */,
				A35CF0E01B0C01AB00356086 /* AppDelegate.m in Sources */,
				A356C02D1B18AC00005B9DFB /* EndPoint.m in Sources */,
				A35CF1021B0C01E500356086 /* MainDataViewController.m in Sources */,
				A35CF1331B118A9500356086 /* TableViewCellUserData.m in Sources */,
				A35CF0DD1B0C01AB00356086 /* main.m in Sources */,
			);
			runOnlyForDeploymentPostprocessing = 0;
		};
		A35CF0EC1B0C01AB00356086 /* Sources */ = {
			isa = PBXSourcesBuildPhase;
			buildActionMask = 2147483647;
			files = (
				A35CF0F71B0C01AB00356086 /* iGordonTests.m in Sources */,
			);
			runOnlyForDeploymentPostprocessing = 0;
		};
/* End PBXSourcesBuildPhase section */

/* Begin PBXTargetDependency section */
		A35CF0F21B0C01AB00356086 /* PBXTargetDependency */ = {
			isa = PBXTargetDependency;
			target = A35CF0D61B0C01AA00356086 /* iGordon */;
			targetProxy = A35CF0F11B0C01AB00356086 /* PBXContainerItemProxy */;
		};
/* End PBXTargetDependency section */

/* Begin PBXVariantGroup section */
		A35CF0E41B0C01AB00356086 /* Main.storyboard */ = {
			isa = PBXVariantGroup;
			children = (
				A35CF0E51B0C01AB00356086 /* Base */,
			);
			name = Main.storyboard;
			sourceTree = "<group>";
		};
		A35CF0E91B0C01AB00356086 /* LaunchScreen.xib */ = {
			isa = PBXVariantGroup;
			children = (
				A35CF0EA1B0C01AB00356086 /* Base */,
			);
			name = LaunchScreen.xib;
			sourceTree = "<group>";
		};
/* End PBXVariantGroup section */

/* Begin XCBuildConfiguration section */
		A35CF0F81B0C01AB00356086 /* Debug */ = {
			isa = XCBuildConfiguration;
			buildSettings = {
				ALWAYS_SEARCH_USER_PATHS = NO;
				CLANG_CXX_LANGUAGE_STANDARD = "gnu++0x";
				CLANG_CXX_LIBRARY = "libc++";
				CLANG_ENABLE_MODULES = YES;
				CLANG_ENABLE_OBJC_ARC = YES;
				CLANG_WARN_BOOL_CONVERSION = YES;
				CLANG_WARN_CONSTANT_CONVERSION = YES;
				CLANG_WARN_DIRECT_OBJC_ISA_USAGE = YES_ERROR;
				CLANG_WARN_EMPTY_BODY = YES;
				CLANG_WARN_ENUM_CONVERSION = YES;
				CLANG_WARN_INT_CONVERSION = YES;
				CLANG_WARN_OBJC_ROOT_CLASS = YES_ERROR;
				CLANG_WARN_UNREACHABLE_CODE = YES;
				CLANG_WARN__DUPLICATE_METHOD_MATCH = YES;
				"CODE_SIGN_IDENTITY[sdk=iphoneos*]" = "iPhone Developer";
				COPY_PHASE_STRIP = NO;
				DEBUG_INFORMATION_FORMAT = "dwarf-with-dsym";
				ENABLE_STRICT_OBJC_MSGSEND = YES;
				GCC_C_LANGUAGE_STANDARD = gnu99;
				GCC_DYNAMIC_NO_PIC = NO;
				GCC_NO_COMMON_BLOCKS = YES;
				GCC_OPTIMIZATION_LEVEL = 0;
				GCC_PREPROCESSOR_DEFINITIONS = (
					"DEBUG=1",
					"$(inherited)",
				);
				GCC_SYMBOLS_PRIVATE_EXTERN = NO;
				GCC_WARN_64_TO_32_BIT_CONVERSION = YES;
				GCC_WARN_ABOUT_RETURN_TYPE = YES_ERROR;
				GCC_WARN_UNDECLARED_SELECTOR = YES;
				GCC_WARN_UNINITIALIZED_AUTOS = YES_AGGRESSIVE;
				GCC_WARN_UNUSED_FUNCTION = YES;
				GCC_WARN_UNUSED_VARIABLE = YES;
				IPHONEOS_DEPLOYMENT_TARGET = 8.3;
				MTL_ENABLE_DEBUG_INFO = YES;
				ONLY_ACTIVE_ARCH = YES;
				SDKROOT = iphoneos;
			};
			name = Debug;
		};
		A35CF0F91B0C01AB00356086 /* Release */ = {
			isa = XCBuildConfiguration;
			buildSettings = {
				ALWAYS_SEARCH_USER_PATHS = NO;
				CLANG_CXX_LANGUAGE_STANDARD = "gnu++0x";
				CLANG_CXX_LIBRARY = "libc++";
				CLANG_ENABLE_MODULES = YES;
				CLANG_ENABLE_OBJC_ARC = YES;
				CLANG_WARN_BOOL_CONVERSION = YES;
				CLANG_WARN_CONSTANT_CONVERSION = YES;
				CLANG_WARN_DIRECT_OBJC_ISA_USAGE = YES_ERROR;
				CLANG_WARN_EMPTY_BODY = YES;
				CLANG_WARN_ENUM_CONVERSION = YES;
				CLANG_WARN_INT_CONVERSION = YES;
				CLANG_WARN_OBJC_ROOT_CLASS = YES_ERROR;
				CLANG_WARN_UNREACHABLE_CODE = YES;
				CLANG_WARN__DUPLICATE_METHOD_MATCH = YES;
				"CODE_SIGN_IDENTITY[sdk=iphoneos*]" = "iPhone Developer";
				COPY_PHASE_STRIP = NO;
				DEBUG_INFORMATION_FORMAT = "dwarf-with-dsym";
				ENABLE_NS_ASSERTIONS = NO;
				ENABLE_STRICT_OBJC_MSGSEND = YES;
				GCC_C_LANGUAGE_STANDARD = gnu99;
				GCC_NO_COMMON_BLOCKS = YES;
				GCC_WARN_64_TO_32_BIT_CONVERSION = YES;
				GCC_WARN_ABOUT_RETURN_TYPE = YES_ERROR;
				GCC_WARN_UNDECLARED_SELECTOR = YES;
				GCC_WARN_UNINITIALIZED_AUTOS = YES_AGGRESSIVE;
				GCC_WARN_UNUSED_FUNCTION = YES;
				GCC_WARN_UNUSED_VARIABLE = YES;
				IPHONEOS_DEPLOYMENT_TARGET = 8.3;
				MTL_ENABLE_DEBUG_INFO = NO;
				SDKROOT = iphoneos;
				VALIDATE_PRODUCT = YES;
			};
			name = Release;
		};
		A35CF0FB1B0C01AB00356086 /* Debug */ = {
			isa = XCBuildConfiguration;
			buildSettings = {
				ASSETCATALOG_COMPILER_APPICON_NAME = AppIcon;
				CODE_SIGN_IDENTITY = "iPhone Developer";
				"CODE_SIGN_IDENTITY[sdk=iphoneos*]" = "iPhone Developer";
				INFOPLIST_FILE = iGordon/Info.plist;
				LD_RUNPATH_SEARCH_PATHS = "$(inherited) @executable_path/Frameworks";
				PRODUCT_NAME = "$(TARGET_NAME)";
				PROVISIONING_PROFILE = "";
			};
			name = Debug;
		};
		A35CF0FC1B0C01AB00356086 /* Release */ = {
			isa = XCBuildConfiguration;
			buildSettings = {
				ASSETCATALOG_COMPILER_APPICON_NAME = AppIcon;
				CODE_SIGN_IDENTITY = "iPhone Developer";
				"CODE_SIGN_IDENTITY[sdk=iphoneos*]" = "iPhone Developer";
				INFOPLIST_FILE = iGordon/Info.plist;
				LD_RUNPATH_SEARCH_PATHS = "$(inherited) @executable_path/Frameworks";
				PRODUCT_NAME = "$(TARGET_NAME)";
				PROVISIONING_PROFILE = "";
			};
			name = Release;
		};
		A35CF0FE1B0C01AB00356086 /* Debug */ = {
			isa = XCBuildConfiguration;
			buildSettings = {
				BUNDLE_LOADER = "$(TEST_HOST)";
				FRAMEWORK_SEARCH_PATHS = (
					"$(SDKROOT)/Developer/Library/Frameworks",
					"$(inherited)",
				);
				GCC_PREPROCESSOR_DEFINITIONS = (
					"DEBUG=1",
					"$(inherited)",
				);
				INFOPLIST_FILE = iGordonTests/Info.plist;
				LD_RUNPATH_SEARCH_PATHS = "$(inherited) @executable_path/Frameworks @loader_path/Frameworks";
				PRODUCT_NAME = "$(TARGET_NAME)";
				TEST_HOST = "$(BUILT_PRODUCTS_DIR)/iGordon.app/iGordon";
			};
			name = Debug;
		};
		A35CF0FF1B0C01AB00356086 /* Release */ = {
			isa = XCBuildConfiguration;
			buildSettings = {
				BUNDLE_LOADER = "$(TEST_HOST)";
				FRAMEWORK_SEARCH_PATHS = (
					"$(SDKROOT)/Developer/Library/Frameworks",
					"$(inherited)",
				);
				INFOPLIST_FILE = iGordonTests/Info.plist;
				LD_RUNPATH_SEARCH_PATHS = "$(inherited) @executable_path/Frameworks @loader_path/Frameworks";
				PRODUCT_NAME = "$(TARGET_NAME)";
				TEST_HOST = "$(BUILT_PRODUCTS_DIR)/iGordon.app/iGordon";
			};
			name = Release;
		};
/* End XCBuildConfiguration section */

/* Begin XCConfigurationList section */
		A35CF0D21B0C01AA00356086 /* Build configuration list for PBXProject "iGordon" */ = {
			isa = XCConfigurationList;
			buildConfigurations = (
				A35CF0F81B0C01AB00356086 /* Debug */,
				A35CF0F91B0C01AB00356086 /* Release */,
			);
			defaultConfigurationIsVisible = 0;
			defaultConfigurationName = Release;
		};
		A35CF0FA1B0C01AB00356086 /* Build configuration list for PBXNativeTarget "iGordon" */ = {
			isa = XCConfigurationList;
			buildConfigurations = (
				A35CF0FB1B0C01AB00356086 /* Debug */,
				A35CF0FC1B0C01AB00356086 /* Release */,
			);
			defaultConfigurationIsVisible = 0;
			defaultConfigurationName = Release;
		};
		A35CF0FD1B0C01AB00356086 /* Build configuration list for PBXNativeTarget "iGordonTests" */ = {
			isa = XCConfigurationList;
			buildConfigurations = (
				A35CF0FE1B0C01AB00356086 /* Debug */,
				A35CF0FF1B0C01AB00356086 /* Release */,
			);
			defaultConfigurationIsVisible = 0;
			defaultConfigurationName = Release;
		};
/* End XCConfigurationList section */
	};
	rootObject = A35CF0CF1B0C01AA00356086 /* Project object */;
}
